
Microsoft Visual Studio Solution File, Format Version 12.00
# Visual Studio Version 17
VisualStudioVersion = 17.8.34525.116
MinimumVisualStudioVersion = 10.0.40219.1
Project("{FAE04EC0-301F-11D3-BF4B-00C04F79EFBC}") = "PracticeFrontend.Server", "PracticeFrontend\Server\PracticeFrontend.Server.csproj", "{7FE88ED5-5AE5-4949-93EF-BC6AA01BA4C5}"
EndProject
Project("{FAE04EC0-301F-11D3-BF4B-00C04F79EFBC}") = "PracticeFrontend.Client", "PracticeFrontend\Client\PracticeFrontend.Client.csproj", "{B6DF3FE8-F230-4215-A3CF-1772BAA84E1F}"
EndProject
Project("{FAE04EC0-301F-11D3-BF4B-00C04F79EFBC}") = "PracticeFrontend.Shared", "PracticeFrontend\Shared\PracticeFrontend.Shared.csproj", "{D820567A-ED65-405F-9D0D-56D49894D613}"
EndProject
Global
	GlobalSection(SolutionConfigurationPlatforms) = preSolution
		Debug|Any CPU = Debug|Any CPU
		Release|Any CPU = Release|Any CPU
	EndGlobalSection
	GlobalSection(ProjectConfigurationPlatforms) = postSolution
		{7FE88ED5-5AE5-4949-93EF-BC6AA01BA4C5}.Debug|Any CPU.ActiveCfg = Debug|Any CPU
		{7FE88ED5-5AE5-4949-93EF-BC6AA01BA4C5}.Debug|Any CPU.Build.0 = Debug|Any CPU
		{7FE88ED5-5AE5-4949-93EF-BC6AA01BA4C5}.Release|Any CPU.ActiveCfg = Release|Any CPU
		{7FE88ED5-5AE5-4949-93EF-BC6AA01BA4C5}.Release|Any CPU.Build.0 = Release|Any CPU
		{B6DF3FE8-F230-4215-A3CF-1772BAA84E1F}.Debug|Any CPU.ActiveCfg = Debug|Any CPU
		{B6DF3FE8-F230-4215-A3CF-1772BAA84E1F}.Debug|Any CPU.Build.0 = Debug|Any CPU
		{B6DF3FE8-F230-4215-A3CF-1772BAA84E1F}.Release|Any CPU.ActiveCfg = Release|Any CPU
		{B6DF3FE8-F230-4215-A3CF-1772BAA84E1F}.Release|Any CPU.Build.0 = Release|Any CPU
		{D820567A-ED65-405F-9D0D-56D49894D613}.Debug|Any CPU.ActiveCfg = Debug|Any CPU
		{D820567A-ED65-405F-9D0D-56D49894D613}.Debug|Any CPU.Build.0 = Debug|Any CPU
		{D820567A-ED65-405F-9D0D-56D49894D613}.Release|Any CPU.ActiveCfg = Release|Any CPU
		{D820567A-ED65-405F-9D0D-56D49894D613}.Release|Any CPU.Build.0 = Release|Any CPU
	EndGlobalSection
	GlobalSection(SolutionProperties) = preSolution
		HideSolutionNode = FALSE
	EndGlobalSection
	GlobalSection(ExtensibilityGlobals) = postSolution
		SolutionGuid = {6362018D-FD55-4571-A1E6-FA6C2E8681B0}
	EndGlobalSection
EndGlobal
